
Microsoft Visual Studio Solution File, Format Version 12.00
# Visual Studio Version 17
VisualStudioVersion = 17.0.31912.275
MinimumVisualStudioVersion = 10.0.40219.1
Project("{FAE04EC0-301F-11D3-BF4B-00C04F79EFBC}") = "SendFileClient", "SendFileClient\SendFileClient.csproj", "{49A4755B-5B0A-4D37-A079-3309E0BBAF26}"
EndProject
Global
	GlobalSection(SolutionConfigurationPlatforms) = preSolution
		Debug|Any CPU = Debug|Any CPU
		Release|Any CPU = Release|Any CPU
	EndGlobalSection
	GlobalSection(ProjectConfigurationPlatforms) = postSolution
		{49A4755B-5B0A-4D37-A079-3309E0BBAF26}.Debug|Any CPU.ActiveCfg = Debug|Any CPU
		{49A4755B-5B0A-4D37-A079-3309E0BBAF26}.Debug|Any CPU.Build.0 = Debug|Any CPU
		{49A4755B-5B0A-4D37-A079-3309E0BBAF26}.Release|Any CPU.ActiveCfg = Release|Any CPU
		{49A4755B-5B0A-4D37-A079-3309E0BBAF26}.Release|Any CPU.Build.0 = Release|Any CPU
	EndGlobalSection
	GlobalSection(SolutionProperties) = preSolution
		HideSolutionNode = FALSE
	EndGlobalSection
	GlobalSection(ExtensibilityGlobals) = postSolution
		SolutionGuid = {1F93CDC6-5845-4DD3-97EA-6B6B8275F66E}
	EndGlobalSection
EndGlobal
